// !$*UTF8*$!
{
	archiveVersion = 1;
	classes = {
	};
	objectVersion = 50;
	objects = {

/* Begin PBXBuildFile section */
		453BE9F2B142F833160E5D35 /* Pods_SlackDeskTests.framework in Frameworks */ = {isa = PBXBuildFile; fileRef = 0326046FAA5D1BFADB615B1D /* Pods_SlackDeskTests.framework */; settings = {ATTRIBUTES = (Weak, ); }; };
		A3C170E076862FC3C15A1E01 /* Pods_SlackDesk.framework in Frameworks */ = {isa = PBXBuildFile; fileRef = D81D157E1414BF1AA7E648E5 /* Pods_SlackDesk.framework */; settings = {ATTRIBUTES = (Required, ); }; };
		A60951E5BDA6D9DB34C0E4C2 /* Pods_SlackDeskUITests.framework in Frameworks */ = {isa = PBXBuildFile; fileRef = 99E6BE2D813EB02DDD11DFDE /* Pods_SlackDeskUITests.framework */; };
		D427B41721748A7A0070F96B /* ConnectionSplitViewController.swift in Sources */ = {isa = PBXBuildFile; fileRef = D427B41621748A7A0070F96B /* ConnectionSplitViewController.swift */; };
		D48B896521712F27004AD629 /* ChannelController.swift in Sources */ = {isa = PBXBuildFile; fileRef = D48B896421712F27004AD629 /* ChannelController.swift */; };
		D48B897421712F35004AD629 /* Connection.swift in Sources */ = {isa = PBXBuildFile; fileRef = D48B896721712F35004AD629 /* Connection.swift */; };
		D48B897521712F35004AD629 /* Message.swift in Sources */ = {isa = PBXBuildFile; fileRef = D48B896821712F35004AD629 /* Message.swift */; };
		D48B897621712F35004AD629 /* Channel.swift in Sources */ = {isa = PBXBuildFile; fileRef = D48B896921712F35004AD629 /* Channel.swift */; };
		D48B897721712F35004AD629 /* User.swift in Sources */ = {isa = PBXBuildFile; fileRef = D48B896A21712F35004AD629 /* User.swift */; };
		D48B897821712F35004AD629 /* baseIdNameModel.swift in Sources */ = {isa = PBXBuildFile; fileRef = D48B896B21712F35004AD629 /* baseIdNameModel.swift */; };
		D48B897921712F35004AD629 /* UserProtocol.swift in Sources */ = {isa = PBXBuildFile; fileRef = D48B896D21712F35004AD629 /* UserProtocol.swift */; };
		D48B897A21712F35004AD629 /* baseIdNameModelProtocol.swift in Sources */ = {isa = PBXBuildFile; fileRef = D48B896E21712F35004AD629 /* baseIdNameModelProtocol.swift */; };
		D48B897B21712F35004AD629 /* channelProtocol.swift in Sources */ = {isa = PBXBuildFile; fileRef = D48B896F21712F35004AD629 /* channelProtocol.swift */; };
		D48B897C21712F35004AD629 /* MessageProtocol.swift in Sources */ = {isa = PBXBuildFile; fileRef = D48B897021712F35004AD629 /* MessageProtocol.swift */; };
		D48B897D21712F35004AD629 /* ConnectionProtocol.swift in Sources */ = {isa = PBXBuildFile; fileRef = D48B897121712F35004AD629 /* ConnectionProtocol.swift */; };
		D48B897E21712F35004AD629 /* SlackClient.swift in Sources */ = {isa = PBXBuildFile; fileRef = D48B897321712F35004AD629 /* SlackClient.swift */; };
		D48B898A21712F41004AD629 /* SlackClientTests.swift in Sources */ = {isa = PBXBuildFile; fileRef = D48B898021712F40004AD629 /* SlackClientTests.swift */; };
		D48B898B21712F41004AD629 /* ChannelControllerTests.swift in Sources */ = {isa = PBXBuildFile; fileRef = D48B898221712F40004AD629 /* ChannelControllerTests.swift */; };
		D48B898C21712F41004AD629 /* WebsocketMockTests.swift in Sources */ = {isa = PBXBuildFile; fileRef = D48B898321712F40004AD629 /* WebsocketMockTests.swift */; };
		D48B898D21712F41004AD629 /* SlackDeskTests.swift in Sources */ = {isa = PBXBuildFile; fileRef = D48B898421712F40004AD629 /* SlackDeskTests.swift */; };
		D48B898E21712F41004AD629 /* ChannelModelTests.swift in Sources */ = {isa = PBXBuildFile; fileRef = D48B898621712F40004AD629 /* ChannelModelTests.swift */; };
		D48B898F21712F41004AD629 /* MessageModelTests.swift in Sources */ = {isa = PBXBuildFile; fileRef = D48B898721712F40004AD629 /* MessageModelTests.swift */; };
		D48B899021712F41004AD629 /* ConnectionModelTests.swift in Sources */ = {isa = PBXBuildFile; fileRef = D48B898821712F40004AD629 /* ConnectionModelTests.swift */; };
		D48B899121712F41004AD629 /* UserModelTests.swift in Sources */ = {isa = PBXBuildFile; fileRef = D48B898921712F40004AD629 /* UserModelTests.swift */; };
		D48B899521713A4F004AD629 /* UserListController.swift in Sources */ = {isa = PBXBuildFile; fileRef = D48B899421713A4F004AD629 /* UserListController.swift */; };
		D48B899721713BAB004AD629 /* UserListControllerTests.swift in Sources */ = {isa = PBXBuildFile; fileRef = D48B899621713BAB004AD629 /* UserListControllerTests.swift */; };
		D48B8999217143E9004AD629 /* ClientAccesingControllerBase.swift in Sources */ = {isa = PBXBuildFile; fileRef = D48B8998217143E9004AD629 /* ClientAccesingControllerBase.swift */; };
		D48B899B217146DA004AD629 /* SettingsController.swift in Sources */ = {isa = PBXBuildFile; fileRef = D48B899A217146DA004AD629 /* SettingsController.swift */; };
		D48B899D21714A47004AD629 /* SettingsControllerTests.swift in Sources */ = {isa = PBXBuildFile; fileRef = D48B899C21714A47004AD629 /* SettingsControllerTests.swift */; };
		D48B899F21715743004AD629 /* SlackWebSocketClient.swift in Sources */ = {isa = PBXBuildFile; fileRef = D48B899E21715743004AD629 /* SlackWebSocketClient.swift */; };
		D48B89A121715DCC004AD629 /* SlackWebSocketClientTests.swift in Sources */ = {isa = PBXBuildFile; fileRef = D48B89A021715DCC004AD629 /* SlackWebSocketClientTests.swift */; };
		D4BFE71921712D1A001945E2 /* AppDelegate.swift in Sources */ = {isa = PBXBuildFile; fileRef = D4BFE71821712D1A001945E2 /* AppDelegate.swift */; };
		D4BFE71B21712D1A001945E2 /* ViewController.swift in Sources */ = {isa = PBXBuildFile; fileRef = D4BFE71A21712D1A001945E2 /* ViewController.swift */; };
		D4BFE71D21712D1B001945E2 /* Assets.xcassets in Resources */ = {isa = PBXBuildFile; fileRef = D4BFE71C21712D1B001945E2 /* Assets.xcassets */; };
		D4BFE72021712D1B001945E2 /* Main.storyboard in Resources */ = {isa = PBXBuildFile; fileRef = D4BFE71E21712D1B001945E2 /* Main.storyboard */; };
		D4BFE73721712D1B001945E2 /* SlackDeskUITests.swift in Sources */ = {isa = PBXBuildFile; fileRef = D4BFE73621712D1B001945E2 /* SlackDeskUITests.swift */; };
		D4F88AC32171CF5300A5D094 /* NetworkExtension.framework in Frameworks */ = {isa = PBXBuildFile; fileRef = D4F88AC02171CF1800A5D094 /* NetworkExtension.framework */; };
		D4F88AC72171CF5700A5D094 /* Pods_SlackDesk.framework in Embed Frameworks */ = {isa = PBXBuildFile; fileRef = D81D157E1414BF1AA7E648E5 /* Pods_SlackDesk.framework */; settings = {ATTRIBUTES = (RemoveHeadersOnCopy, ); }; };
/* End PBXBuildFile section */

/* Begin PBXContainerItemProxy section */
		D4BFE72821712D1B001945E2 /* PBXContainerItemProxy */ = {
			isa = PBXContainerItemProxy;
			containerPortal = D4BFE70D21712D1A001945E2 /* Project object */;
			proxyType = 1;
			remoteGlobalIDString = D4BFE71421712D1A001945E2;
			remoteInfo = SlackDesk;
		};
		D4BFE73321712D1B001945E2 /* PBXContainerItemProxy */ = {
			isa = PBXContainerItemProxy;
			containerPortal = D4BFE70D21712D1A001945E2 /* Project object */;
			proxyType = 1;
			remoteGlobalIDString = D4BFE71421712D1A001945E2;
			remoteInfo = SlackDesk;
		};
/* End PBXContainerItemProxy section */

/* Begin PBXCopyFilesBuildPhase section */
		D4F88AC52171CF5300A5D094 /* Embed Frameworks */ = {
			isa = PBXCopyFilesBuildPhase;
			buildActionMask = 8;
			dstPath = "";
			dstSubfolderSpec = 10;
			files = (
				D4F88AC72171CF5700A5D094 /* Pods_SlackDesk.framework in Embed Frameworks */,
			);
			name = "Embed Frameworks";
			runOnlyForDeploymentPostprocessing = 1;
		};
/* End PBXCopyFilesBuildPhase section */

/* Begin PBXFileReference section */
		0326046FAA5D1BFADB615B1D /* Pods_SlackDeskTests.framework */ = {isa = PBXFileReference; explicitFileType = wrapper.framework; includeInIndex = 0; path = Pods_SlackDeskTests.framework; sourceTree = BUILT_PRODUCTS_DIR; };
		70DB44C6656478C75904577A /* Pods-SlackDeskTests.release.xcconfig */ = {isa = PBXFileReference; includeInIndex = 1; lastKnownFileType = text.xcconfig; name = "Pods-SlackDeskTests.release.xcconfig"; path = "Target Support Files/Pods-SlackDeskTests/Pods-SlackDeskTests.release.xcconfig"; sourceTree = "<group>"; };
		7448EAD5A7DDC72C31C2A11C /* Pods-SlackDeskUITests.debug.xcconfig */ = {isa = PBXFileReference; includeInIndex = 1; lastKnownFileType = text.xcconfig; name = "Pods-SlackDeskUITests.debug.xcconfig"; path = "Target Support Files/Pods-SlackDeskUITests/Pods-SlackDeskUITests.debug.xcconfig"; sourceTree = "<group>"; };
		87EFBC3A43CF3A9E45CA2C33 /* Pods-SlackDeskTests.debug.xcconfig */ = {isa = PBXFileReference; includeInIndex = 1; lastKnownFileType = text.xcconfig; name = "Pods-SlackDeskTests.debug.xcconfig"; path = "Target Support Files/Pods-SlackDeskTests/Pods-SlackDeskTests.debug.xcconfig"; sourceTree = "<group>"; };
		8C12344D0EA839772E499A96 /* Pods-SlackDesk.release.xcconfig */ = {isa = PBXFileReference; includeInIndex = 1; lastKnownFileType = text.xcconfig; name = "Pods-SlackDesk.release.xcconfig"; path = "Target Support Files/Pods-SlackDesk/Pods-SlackDesk.release.xcconfig"; sourceTree = "<group>"; };
		99E6BE2D813EB02DDD11DFDE /* Pods_SlackDeskUITests.framework */ = {isa = PBXFileReference; explicitFileType = wrapper.framework; includeInIndex = 0; path = Pods_SlackDeskUITests.framework; sourceTree = BUILT_PRODUCTS_DIR; };
		A7C2B7C63D04594C7ED003F5 /* Pods-SlackDeskUITests.release.xcconfig */ = {isa = PBXFileReference; includeInIndex = 1; lastKnownFileType = text.xcconfig; name = "Pods-SlackDeskUITests.release.xcconfig"; path = "Target Support Files/Pods-SlackDeskUITests/Pods-SlackDeskUITests.release.xcconfig"; sourceTree = "<group>"; };
		CDA3B1D6DE31A57230F8D4E8 /* Pods-SlackDesk.debug.xcconfig */ = {isa = PBXFileReference; includeInIndex = 1; lastKnownFileType = text.xcconfig; name = "Pods-SlackDesk.debug.xcconfig"; path = "Target Support Files/Pods-SlackDesk/Pods-SlackDesk.debug.xcconfig"; sourceTree = "<group>"; };
		D427B41621748A7A0070F96B /* ConnectionSplitViewController.swift */ = {isa = PBXFileReference; lastKnownFileType = sourcecode.swift; path = ConnectionSplitViewController.swift; sourceTree = "<group>"; };
		D48B896421712F27004AD629 /* ChannelController.swift */ = {isa = PBXFileReference; fileEncoding = 4; lastKnownFileType = sourcecode.swift; path = ChannelController.swift; sourceTree = "<group>"; };
		D48B896721712F35004AD629 /* Connection.swift */ = {isa = PBXFileReference; fileEncoding = 4; lastKnownFileType = sourcecode.swift; path = Connection.swift; sourceTree = "<group>"; };
		D48B896821712F35004AD629 /* Message.swift */ = {isa = PBXFileReference; fileEncoding = 4; lastKnownFileType = sourcecode.swift; path = Message.swift; sourceTree = "<group>"; };
		D48B896921712F35004AD629 /* Channel.swift */ = {isa = PBXFileReference; fileEncoding = 4; lastKnownFileType = sourcecode.swift; path = Channel.swift; sourceTree = "<group>"; };
		D48B896A21712F35004AD629 /* User.swift */ = {isa = PBXFileReference; fileEncoding = 4; lastKnownFileType = sourcecode.swift; path = User.swift; sourceTree = "<group>"; };
		D48B896B21712F35004AD629 /* baseIdNameModel.swift */ = {isa = PBXFileReference; fileEncoding = 4; lastKnownFileType = sourcecode.swift; path = baseIdNameModel.swift; sourceTree = "<group>"; };
		D48B896D21712F35004AD629 /* UserProtocol.swift */ = {isa = PBXFileReference; fileEncoding = 4; lastKnownFileType = sourcecode.swift; path = UserProtocol.swift; sourceTree = "<group>"; };
		D48B896E21712F35004AD629 /* baseIdNameModelProtocol.swift */ = {isa = PBXFileReference; fileEncoding = 4; lastKnownFileType = sourcecode.swift; path = baseIdNameModelProtocol.swift; sourceTree = "<group>"; };
		D48B896F21712F35004AD629 /* channelProtocol.swift */ = {isa = PBXFileReference; fileEncoding = 4; lastKnownFileType = sourcecode.swift; path = channelProtocol.swift; sourceTree = "<group>"; };
		D48B897021712F35004AD629 /* MessageProtocol.swift */ = {isa = PBXFileReference; fileEncoding = 4; lastKnownFileType = sourcecode.swift; path = MessageProtocol.swift; sourceTree = "<group>"; };
		D48B897121712F35004AD629 /* ConnectionProtocol.swift */ = {isa = PBXFileReference; fileEncoding = 4; lastKnownFileType = sourcecode.swift; path = ConnectionProtocol.swift; sourceTree = "<group>"; };
		D48B897321712F35004AD629 /* SlackClient.swift */ = {isa = PBXFileReference; fileEncoding = 4; lastKnownFileType = sourcecode.swift; path = SlackClient.swift; sourceTree = "<group>"; };
		D48B898021712F40004AD629 /* SlackClientTests.swift */ = {isa = PBXFileReference; fileEncoding = 4; lastKnownFileType = sourcecode.swift; path = SlackClientTests.swift; sourceTree = "<group>"; };
		D48B898221712F40004AD629 /* ChannelControllerTests.swift */ = {isa = PBXFileReference; fileEncoding = 4; lastKnownFileType = sourcecode.swift; path = ChannelControllerTests.swift; sourceTree = "<group>"; };
		D48B898321712F40004AD629 /* WebsocketMockTests.swift */ = {isa = PBXFileReference; fileEncoding = 4; lastKnownFileType = sourcecode.swift; path = WebsocketMockTests.swift; sourceTree = "<group>"; };
		D48B898421712F40004AD629 /* SlackDeskTests.swift */ = {isa = PBXFileReference; fileEncoding = 4; lastKnownFileType = sourcecode.swift; path = SlackDeskTests.swift; sourceTree = "<group>"; };
		D48B898621712F40004AD629 /* ChannelModelTests.swift */ = {isa = PBXFileReference; fileEncoding = 4; lastKnownFileType = sourcecode.swift; path = ChannelModelTests.swift; sourceTree = "<group>"; };
		D48B898721712F40004AD629 /* MessageModelTests.swift */ = {isa = PBXFileReference; fileEncoding = 4; lastKnownFileType = sourcecode.swift; path = MessageModelTests.swift; sourceTree = "<group>"; };
		D48B898821712F40004AD629 /* ConnectionModelTests.swift */ = {isa = PBXFileReference; fileEncoding = 4; lastKnownFileType = sourcecode.swift; path = ConnectionModelTests.swift; sourceTree = "<group>"; };
		D48B898921712F40004AD629 /* UserModelTests.swift */ = {isa = PBXFileReference; fileEncoding = 4; lastKnownFileType = sourcecode.swift; path = UserModelTests.swift; sourceTree = "<group>"; };
		D48B899421713A4F004AD629 /* UserListController.swift */ = {isa = PBXFileReference; lastKnownFileType = sourcecode.swift; path = UserListController.swift; sourceTree = "<group>"; };
		D48B899621713BAB004AD629 /* UserListControllerTests.swift */ = {isa = PBXFileReference; fileEncoding = 4; lastKnownFileType = sourcecode.swift; path = UserListControllerTests.swift; sourceTree = "<group>"; };
		D48B8998217143E9004AD629 /* ClientAccesingControllerBase.swift */ = {isa = PBXFileReference; lastKnownFileType = sourcecode.swift; path = ClientAccesingControllerBase.swift; sourceTree = "<group>"; };
		D48B899A217146DA004AD629 /* SettingsController.swift */ = {isa = PBXFileReference; lastKnownFileType = sourcecode.swift; path = SettingsController.swift; sourceTree = "<group>"; };
		D48B899C21714A47004AD629 /* SettingsControllerTests.swift */ = {isa = PBXFileReference; lastKnownFileType = sourcecode.swift; path = SettingsControllerTests.swift; sourceTree = "<group>"; };
		D48B899E21715743004AD629 /* SlackWebSocketClient.swift */ = {isa = PBXFileReference; lastKnownFileType = sourcecode.swift; path = SlackWebSocketClient.swift; sourceTree = "<group>"; };
		D48B89A021715DCC004AD629 /* SlackWebSocketClientTests.swift */ = {isa = PBXFileReference; lastKnownFileType = sourcecode.swift; path = SlackWebSocketClientTests.swift; sourceTree = "<group>"; };
		D4BFE71521712D1A001945E2 /* SlackDesk.app */ = {isa = PBXFileReference; explicitFileType = wrapper.application; includeInIndex = 0; path = SlackDesk.app; sourceTree = BUILT_PRODUCTS_DIR; };
		D4BFE71821712D1A001945E2 /* AppDelegate.swift */ = {isa = PBXFileReference; lastKnownFileType = sourcecode.swift; path = AppDelegate.swift; sourceTree = "<group>"; };
		D4BFE71A21712D1A001945E2 /* ViewController.swift */ = {isa = PBXFileReference; lastKnownFileType = sourcecode.swift; path = ViewController.swift; sourceTree = "<group>"; };
		D4BFE71C21712D1B001945E2 /* Assets.xcassets */ = {isa = PBXFileReference; lastKnownFileType = folder.assetcatalog; path = Assets.xcassets; sourceTree = "<group>"; };
		D4BFE71F21712D1B001945E2 /* Base */ = {isa = PBXFileReference; lastKnownFileType = file.storyboard; name = Base; path = Base.lproj/Main.storyboard; sourceTree = "<group>"; };
		D4BFE72121712D1B001945E2 /* Info.plist */ = {isa = PBXFileReference; lastKnownFileType = text.plist.xml; path = Info.plist; sourceTree = "<group>"; };
		D4BFE72721712D1B001945E2 /* SlackDeskTests.xctest */ = {isa = PBXFileReference; explicitFileType = wrapper.cfbundle; includeInIndex = 0; path = SlackDeskTests.xctest; sourceTree = BUILT_PRODUCTS_DIR; };
		D4BFE72D21712D1B001945E2 /* Info.plist */ = {isa = PBXFileReference; lastKnownFileType = text.plist.xml; path = Info.plist; sourceTree = "<group>"; };
		D4BFE73221712D1B001945E2 /* SlackDeskUITests.xctest */ = {isa = PBXFileReference; explicitFileType = wrapper.cfbundle; includeInIndex = 0; path = SlackDeskUITests.xctest; sourceTree = BUILT_PRODUCTS_DIR; };
		D4BFE73621712D1B001945E2 /* SlackDeskUITests.swift */ = {isa = PBXFileReference; lastKnownFileType = sourcecode.swift; path = SlackDeskUITests.swift; sourceTree = "<group>"; };
		D4BFE73821712D1B001945E2 /* Info.plist */ = {isa = PBXFileReference; lastKnownFileType = text.plist.xml; path = Info.plist; sourceTree = "<group>"; };
		D4F88AC02171CF1800A5D094 /* NetworkExtension.framework */ = {isa = PBXFileReference; lastKnownFileType = wrapper.framework; name = NetworkExtension.framework; path = System/Library/Frameworks/NetworkExtension.framework; sourceTree = SDKROOT; };
		D4F88AC22171CF1800A5D094 /* SlackDesk.entitlements */ = {isa = PBXFileReference; lastKnownFileType = text.plist.entitlements; path = SlackDesk.entitlements; sourceTree = "<group>"; };
		D81D157E1414BF1AA7E648E5 /* Pods_SlackDesk.framework */ = {isa = PBXFileReference; explicitFileType = wrapper.framework; includeInIndex = 0; path = Pods_SlackDesk.framework; sourceTree = BUILT_PRODUCTS_DIR; };
/* End PBXFileReference section */

/* Begin PBXFrameworksBuildPhase section */
		D4BFE71221712D1A001945E2 /* Frameworks */ = {
			isa = PBXFrameworksBuildPhase;
			buildActionMask = 2147483647;
			files = (
				A3C170E076862FC3C15A1E01 /* Pods_SlackDesk.framework in Frameworks */,
				D4F88AC32171CF5300A5D094 /* NetworkExtension.framework in Frameworks */,
			);
			runOnlyForDeploymentPostprocessing = 0;
		};
		D4BFE72421712D1B001945E2 /* Frameworks */ = {
			isa = PBXFrameworksBuildPhase;
			buildActionMask = 2147483647;
			files = (
				453BE9F2B142F833160E5D35 /* Pods_SlackDeskTests.framework in Frameworks */,
			);
			runOnlyForDeploymentPostprocessing = 0;
		};
		D4BFE72F21712D1B001945E2 /* Frameworks */ = {
			isa = PBXFrameworksBuildPhase;
			buildActionMask = 2147483647;
			files = (
				A60951E5BDA6D9DB34C0E4C2 /* Pods_SlackDeskUITests.framework in Frameworks */,
			);
			runOnlyForDeploymentPostprocessing = 0;
		};
/* End PBXFrameworksBuildPhase section */

/* Begin PBXGroup section */
		18908BD5D8FA7E75FB2BFB7A /* Frameworks */ = {
			isa = PBXGroup;
			children = (
				D4F88AC02171CF1800A5D094 /* NetworkExtension.framework */,
				D81D157E1414BF1AA7E648E5 /* Pods_SlackDesk.framework */,
				0326046FAA5D1BFADB615B1D /* Pods_SlackDeskTests.framework */,
				99E6BE2D813EB02DDD11DFDE /* Pods_SlackDeskUITests.framework */,
			);
			name = Frameworks;
			sourceTree = "<group>";
		};
		95074C61AD155DB4F5A57D06 /* Pods */ = {
			isa = PBXGroup;
			children = (
				CDA3B1D6DE31A57230F8D4E8 /* Pods-SlackDesk.debug.xcconfig */,
				8C12344D0EA839772E499A96 /* Pods-SlackDesk.release.xcconfig */,
				87EFBC3A43CF3A9E45CA2C33 /* Pods-SlackDeskTests.debug.xcconfig */,
				70DB44C6656478C75904577A /* Pods-SlackDeskTests.release.xcconfig */,
				7448EAD5A7DDC72C31C2A11C /* Pods-SlackDeskUITests.debug.xcconfig */,
				A7C2B7C63D04594C7ED003F5 /* Pods-SlackDeskUITests.release.xcconfig */,
			);
			path = Pods;
			sourceTree = "<group>";
		};
		D427B41121747CC50070F96B /* Views */ = {
			isa = PBXGroup;
			children = (
				D427B41621748A7A0070F96B /* ConnectionSplitViewController.swift */,
			);
			path = Views;
			sourceTree = "<group>";
		};
		D427B41C2174B2C20070F96B /* Datasources */ = {
			isa = PBXGroup;
			children = (
			);
			path = Datasources;
			sourceTree = "<group>";
		};
		D48B896321712F27004AD629 /* Controller */ = {
			isa = PBXGroup;
			children = (
				D48B896421712F27004AD629 /* ChannelController.swift */,
				D48B899421713A4F004AD629 /* UserListController.swift */,
				D48B8998217143E9004AD629 /* ClientAccesingControllerBase.swift */,
				D48B899A217146DA004AD629 /* SettingsController.swift */,
			);
			path = Controller;
			sourceTree = "<group>";
		};
		D48B896621712F35004AD629 /* Model */ = {
			isa = PBXGroup;
			children = (
				D48B896721712F35004AD629 /* Connection.swift */,
				D48B896821712F35004AD629 /* Message.swift */,
				D48B896921712F35004AD629 /* Channel.swift */,
				D48B896A21712F35004AD629 /* User.swift */,
				D48B896B21712F35004AD629 /* baseIdNameModel.swift */,
				D48B896C21712F35004AD629 /* Protocols */,
			);
			path = Model;
			sourceTree = "<group>";
		};
		D48B896C21712F35004AD629 /* Protocols */ = {
			isa = PBXGroup;
			children = (
				D48B896D21712F35004AD629 /* UserProtocol.swift */,
				D48B896E21712F35004AD629 /* baseIdNameModelProtocol.swift */,
				D48B896F21712F35004AD629 /* channelProtocol.swift */,
				D48B897021712F35004AD629 /* MessageProtocol.swift */,
				D48B897121712F35004AD629 /* ConnectionProtocol.swift */,
			);
			path = Protocols;
			sourceTree = "<group>";
		};
		D48B897221712F35004AD629 /* Services */ = {
			isa = PBXGroup;
			children = (
				D48B897321712F35004AD629 /* SlackClient.swift */,
				D48B899E21715743004AD629 /* SlackWebSocketClient.swift */,
			);
			path = Services;
			sourceTree = "<group>";
		};
		D48B897F21712F40004AD629 /* ServicesTests */ = {
			isa = PBXGroup;
			children = (
				D48B898021712F40004AD629 /* SlackClientTests.swift */,
				D48B89A021715DCC004AD629 /* SlackWebSocketClientTests.swift */,
			);
			path = ServicesTests;
			sourceTree = "<group>";
		};
		D48B898121712F40004AD629 /* ControllerTests */ = {
			isa = PBXGroup;
			children = (
				D48B898221712F40004AD629 /* ChannelControllerTests.swift */,
				D48B899621713BAB004AD629 /* UserListControllerTests.swift */,
				D48B899C21714A47004AD629 /* SettingsControllerTests.swift */,
			);
			path = ControllerTests;
			sourceTree = "<group>";
		};
		D48B898521712F40004AD629 /* ModelTests */ = {
			isa = PBXGroup;
			children = (
				D48B898621712F40004AD629 /* ChannelModelTests.swift */,
				D48B898721712F40004AD629 /* MessageModelTests.swift */,
				D48B898821712F40004AD629 /* ConnectionModelTests.swift */,
				D48B898921712F40004AD629 /* UserModelTests.swift */,
			);
			path = ModelTests;
			sourceTree = "<group>";
		};
		D4BFE70C21712D1A001945E2 = {
			isa = PBXGroup;
			children = (
				D4BFE71721712D1A001945E2 /* SlackDesk */,
				D4BFE72A21712D1B001945E2 /* SlackDeskTests */,
				D4BFE73521712D1B001945E2 /* SlackDeskUITests */,
				D4BFE71621712D1A001945E2 /* Products */,
				95074C61AD155DB4F5A57D06 /* Pods */,
				18908BD5D8FA7E75FB2BFB7A /* Frameworks */,
			);
			sourceTree = "<group>";
		};
		D4BFE71621712D1A001945E2 /* Products */ = {
			isa = PBXGroup;
			children = (
				D4BFE71521712D1A001945E2 /* SlackDesk.app */,
				D4BFE72721712D1B001945E2 /* SlackDeskTests.xctest */,
				D4BFE73221712D1B001945E2 /* SlackDeskUITests.xctest */,
			);
			name = Products;
			sourceTree = "<group>";
		};
		D4BFE71721712D1A001945E2 /* SlackDesk */ = {
			isa = PBXGroup;
			children = (
				D427B41C2174B2C20070F96B /* Datasources */,
				D427B41121747CC50070F96B /* Views */,
				D4F88AC22171CF1800A5D094 /* SlackDesk.entitlements */,
				D48B896621712F35004AD629 /* Model */,
				D48B897221712F35004AD629 /* Services */,
				D48B896321712F27004AD629 /* Controller */,
				D4BFE71821712D1A001945E2 /* AppDelegate.swift */,
				D4BFE71A21712D1A001945E2 /* ViewController.swift */,
				D4BFE71C21712D1B001945E2 /* Assets.xcassets */,
				D4BFE71E21712D1B001945E2 /* Main.storyboard */,
				D4BFE72121712D1B001945E2 /* Info.plist */,
			);
			path = SlackDesk;
			sourceTree = "<group>";
		};
		D4BFE72A21712D1B001945E2 /* SlackDeskTests */ = {
			isa = PBXGroup;
			children = (
				D48B898121712F40004AD629 /* ControllerTests */,
				D48B898521712F40004AD629 /* ModelTests */,
				D48B897F21712F40004AD629 /* ServicesTests */,
				D48B898421712F40004AD629 /* SlackDeskTests.swift */,
				D48B898321712F40004AD629 /* WebsocketMockTests.swift */,
				D4BFE72D21712D1B001945E2 /* Info.plist */,
			);
			path = SlackDeskTests;
			sourceTree = "<group>";
		};
		D4BFE73521712D1B001945E2 /* SlackDeskUITests */ = {
			isa = PBXGroup;
			children = (
				D4BFE73621712D1B001945E2 /* SlackDeskUITests.swift */,
				D4BFE73821712D1B001945E2 /* Info.plist */,
			);
			path = SlackDeskUITests;
			sourceTree = "<group>";
		};
/* End PBXGroup section */

/* Begin PBXNativeTarget section */
		D4BFE71421712D1A001945E2 /* SlackDesk */ = {
			isa = PBXNativeTarget;
			buildConfigurationList = D4BFE73B21712D1B001945E2 /* Build configuration list for PBXNativeTarget "SlackDesk" */;
			buildPhases = (
				B2796E9DA4970994E1130948 /* [CP] Check Pods Manifest.lock */,
				D4BFE71121712D1A001945E2 /* Sources */,
				D4BFE71221712D1A001945E2 /* Frameworks */,
				D4BFE71321712D1A001945E2 /* Resources */,
				5319E3A11E3FA22B715BA679 /* [CP] Embed Pods Frameworks */,
				D4F88AC52171CF5300A5D094 /* Embed Frameworks */,
			);
			buildRules = (
			);
			dependencies = (
			);
			name = SlackDesk;
			productName = SlackDesk;
			productReference = D4BFE71521712D1A001945E2 /* SlackDesk.app */;
			productType = "com.apple.product-type.application";
		};
		D4BFE72621712D1B001945E2 /* SlackDeskTests */ = {
			isa = PBXNativeTarget;
			buildConfigurationList = D4BFE73E21712D1B001945E2 /* Build configuration list for PBXNativeTarget "SlackDeskTests" */;
			buildPhases = (
				82BA4FFC71B2561DA3D28147 /* [CP] Check Pods Manifest.lock */,
				D4BFE72321712D1B001945E2 /* Sources */,
				D4BFE72421712D1B001945E2 /* Frameworks */,
				D4BFE72521712D1B001945E2 /* Resources */,
				1925AA962B6A3556A8A421AC /* [CP] Embed Pods Frameworks */,
			);
			buildRules = (
			);
			dependencies = (
				D4BFE72921712D1B001945E2 /* PBXTargetDependency */,
			);
			name = SlackDeskTests;
			productName = SlackDeskTests;
			productReference = D4BFE72721712D1B001945E2 /* SlackDeskTests.xctest */;
			productType = "com.apple.product-type.bundle.unit-test";
		};
		D4BFE73121712D1B001945E2 /* SlackDeskUITests */ = {
			isa = PBXNativeTarget;
			buildConfigurationList = D4BFE74121712D1B001945E2 /* Build configuration list for PBXNativeTarget "SlackDeskUITests" */;
			buildPhases = (
				935B0EC608B779A9BB230715 /* [CP] Check Pods Manifest.lock */,
				D4BFE72E21712D1B001945E2 /* Sources */,
				D4BFE72F21712D1B001945E2 /* Frameworks */,
				D4BFE73021712D1B001945E2 /* Resources */,
				0437105541E3E5045A1F01A7 /* [CP] Embed Pods Frameworks */,
			);
			buildRules = (
			);
			dependencies = (
				D4BFE73421712D1B001945E2 /* PBXTargetDependency */,
			);
			name = SlackDeskUITests;
			productName = SlackDeskUITests;
			productReference = D4BFE73221712D1B001945E2 /* SlackDeskUITests.xctest */;
			productType = "com.apple.product-type.bundle.ui-testing";
		};
/* End PBXNativeTarget section */

/* Begin PBXProject section */
		D4BFE70D21712D1A001945E2 /* Project object */ = {
			isa = PBXProject;
			attributes = {
				LastSwiftUpdateCheck = 1000;
				LastUpgradeCheck = 1000;
				ORGANIZATIONNAME = "Rob Harings";
				TargetAttributes = {
					D4BFE71421712D1A001945E2 = {
						CreatedOnToolsVersion = 10.0;
						SystemCapabilities = {
							com.apple.NetworkExtensions = {
								enabled = 1;
							};
						};
					};
					D4BFE72621712D1B001945E2 = {
						CreatedOnToolsVersion = 10.0;
						TestTargetID = D4BFE71421712D1A001945E2;
					};
					D4BFE73121712D1B001945E2 = {
						CreatedOnToolsVersion = 10.0;
						TestTargetID = D4BFE71421712D1A001945E2;
					};
				};
			};
			buildConfigurationList = D4BFE71021712D1A001945E2 /* Build configuration list for PBXProject "SlackDesk" */;
			compatibilityVersion = "Xcode 9.3";
			developmentRegion = en;
			hasScannedForEncodings = 0;
			knownRegions = (
				en,
				Base,
			);
			mainGroup = D4BFE70C21712D1A001945E2;
			productRefGroup = D4BFE71621712D1A001945E2 /* Products */;
			projectDirPath = "";
			projectRoot = "";
			targets = (
				D4BFE71421712D1A001945E2 /* SlackDesk */,
				D4BFE72621712D1B001945E2 /* SlackDeskTests */,
				D4BFE73121712D1B001945E2 /* SlackDeskUITests */,
			);
		};
/* End PBXProject section */

/* Begin PBXResourcesBuildPhase section */
		D4BFE71321712D1A001945E2 /* Resources */ = {
			isa = PBXResourcesBuildPhase;
			buildActionMask = 2147483647;
			files = (
				D4BFE71D21712D1B001945E2 /* Assets.xcassets in Resources */,
				D4BFE72021712D1B001945E2 /* Main.storyboard in Resources */,
			);
			runOnlyForDeploymentPostprocessing = 0;
		};
		D4BFE72521712D1B001945E2 /* Resources */ = {
			isa = PBXResourcesBuildPhase;
			buildActionMask = 2147483647;
			files = (
			);
			runOnlyForDeploymentPostprocessing = 0;
		};
		D4BFE73021712D1B001945E2 /* Resources */ = {
			isa = PBXResourcesBuildPhase;
			buildActionMask = 2147483647;
			files = (
			);
			runOnlyForDeploymentPostprocessing = 0;
		};
/* End PBXResourcesBuildPhase section */

/* Begin PBXShellScriptBuildPhase section */
		0437105541E3E5045A1F01A7 /* [CP] Embed Pods Frameworks */ = {
			isa = PBXShellScriptBuildPhase;
			buildActionMask = 2147483647;
			files = (
			);
			inputFileListPaths = (
			);
			inputPaths = (
				"${PODS_ROOT}/Target Support Files/Pods-SlackDeskUITests/Pods-SlackDeskUITests-frameworks.sh",
				"${BUILT_PRODUCTS_DIR}/Mockingjay/Mockingjay.framework",
				"${BUILT_PRODUCTS_DIR}/URITemplate/URITemplate.framework",
			);
			name = "[CP] Embed Pods Frameworks";
			outputFileListPaths = (
			);
			outputPaths = (
				"${TARGET_BUILD_DIR}/${FRAMEWORKS_FOLDER_PATH}/Mockingjay.framework",
				"${TARGET_BUILD_DIR}/${FRAMEWORKS_FOLDER_PATH}/URITemplate.framework",
			);
			runOnlyForDeploymentPostprocessing = 0;
			shellPath = /bin/sh;
			shellScript = "\"${PODS_ROOT}/Target Support Files/Pods-SlackDeskUITests/Pods-SlackDeskUITests-frameworks.sh\"\n";
			showEnvVarsInLog = 0;
		};
		1925AA962B6A3556A8A421AC /* [CP] Embed Pods Frameworks */ = {
			isa = PBXShellScriptBuildPhase;
			buildActionMask = 2147483647;
			files = (
			);
			inputFileListPaths = (
			);
			inputPaths = (
				"${PODS_ROOT}/Target Support Files/Pods-SlackDeskTests/Pods-SlackDeskTests-frameworks.sh",
				"${BUILT_PRODUCTS_DIR}/Mockingjay/Mockingjay.framework",
				"${BUILT_PRODUCTS_DIR}/URITemplate/URITemplate.framework",
			);
			name = "[CP] Embed Pods Frameworks";
			outputFileListPaths = (
			);
			outputPaths = (
				"${TARGET_BUILD_DIR}/${FRAMEWORKS_FOLDER_PATH}/Mockingjay.framework",
				"${TARGET_BUILD_DIR}/${FRAMEWORKS_FOLDER_PATH}/URITemplate.framework",
			);
			runOnlyForDeploymentPostprocessing = 0;
			shellPath = /bin/sh;
			shellScript = "\"${PODS_ROOT}/Target Support Files/Pods-SlackDeskTests/Pods-SlackDeskTests-frameworks.sh\"\n";
			showEnvVarsInLog = 0;
		};
		5319E3A11E3FA22B715BA679 /* [CP] Embed Pods Frameworks */ = {
			isa = PBXShellScriptBuildPhase;
			buildActionMask = 2147483647;
			files = (
			);
			inputFileListPaths = (
			);
			inputPaths = (
				"${PODS_ROOT}/Target Support Files/Pods-SlackDesk/Pods-SlackDesk-frameworks.sh",
				"${BUILT_PRODUCTS_DIR}/Alamofire/Alamofire.framework",
				"${BUILT_PRODUCTS_DIR}/Starscream/Starscream.framework",
				"${BUILT_PRODUCTS_DIR}/SwiftyJSON/SwiftyJSON.framework",
			);
			name = "[CP] Embed Pods Frameworks";
			outputFileListPaths = (
			);
			outputPaths = (
				"${TARGET_BUILD_DIR}/${FRAMEWORKS_FOLDER_PATH}/Alamofire.framework",
				"${TARGET_BUILD_DIR}/${FRAMEWORKS_FOLDER_PATH}/Starscream.framework",
				"${TARGET_BUILD_DIR}/${FRAMEWORKS_FOLDER_PATH}/SwiftyJSON.framework",
			);
			runOnlyForDeploymentPostprocessing = 0;
			shellPath = /bin/sh;
			shellScript = "\"${PODS_ROOT}/Target Support Files/Pods-SlackDesk/Pods-SlackDesk-frameworks.sh\"\n";
			showEnvVarsInLog = 0;
		};
		82BA4FFC71B2561DA3D28147 /* [CP] Check Pods Manifest.lock */ = {
			isa = PBXShellScriptBuildPhase;
			buildActionMask = 2147483647;
			files = (
			);
			inputFileListPaths = (
			);
			inputPaths = (
				"${PODS_PODFILE_DIR_PATH}/Podfile.lock",
				"${PODS_ROOT}/Manifest.lock",
			);
			name = "[CP] Check Pods Manifest.lock";
			outputFileListPaths = (
			);
			outputPaths = (
				"$(DERIVED_FILE_DIR)/Pods-SlackDeskTests-checkManifestLockResult.txt",
			);
			runOnlyForDeploymentPostprocessing = 0;
			shellPath = /bin/sh;
			shellScript = "diff \"${PODS_PODFILE_DIR_PATH}/Podfile.lock\" \"${PODS_ROOT}/Manifest.lock\" > /dev/null\nif [ $? != 0 ] ; then\n    # print error to STDERR\n    echo \"error: The sandbox is not in sync with the Podfile.lock. Run 'pod install' or update your CocoaPods installation.\" >&2\n    exit 1\nfi\n# This output is used by Xcode 'outputs' to avoid re-running this script phase.\necho \"SUCCESS\" > \"${SCRIPT_OUTPUT_FILE_0}\"\n";
			showEnvVarsInLog = 0;
		};
		935B0EC608B779A9BB230715 /* [CP] Check Pods Manifest.lock */ = {
			isa = PBXShellScriptBuildPhase;
			buildActionMask = 2147483647;
			files = (
			);
			inputFileListPaths = (
			);
			inputPaths = (
				"${PODS_PODFILE_DIR_PATH}/Podfile.lock",
				"${PODS_ROOT}/Manifest.lock",
			);
			name = "[CP] Check Pods Manifest.lock";
			outputFileListPaths = (
			);
			outputPaths = (
				"$(DERIVED_FILE_DIR)/Pods-SlackDeskUITests-checkManifestLockResult.txt",
			);
			runOnlyForDeploymentPostprocessing = 0;
			shellPath = /bin/sh;
			shellScript = "diff \"${PODS_PODFILE_DIR_PATH}/Podfile.lock\" \"${PODS_ROOT}/Manifest.lock\" > /dev/null\nif [ $? != 0 ] ; then\n    # print error to STDERR\n    echo \"error: The sandbox is not in sync with the Podfile.lock. Run 'pod install' or update your CocoaPods installation.\" >&2\n    exit 1\nfi\n# This output is used by Xcode 'outputs' to avoid re-running this script phase.\necho \"SUCCESS\" > \"${SCRIPT_OUTPUT_FILE_0}\"\n";
			showEnvVarsInLog = 0;
		};
		B2796E9DA4970994E1130948 /* [CP] Check Pods Manifest.lock */ = {
			isa = PBXShellScriptBuildPhase;
			buildActionMask = 2147483647;
			files = (
			);
			inputFileListPaths = (
			);
			inputPaths = (
				"${PODS_PODFILE_DIR_PATH}/Podfile.lock",
				"${PODS_ROOT}/Manifest.lock",
			);
			name = "[CP] Check Pods Manifest.lock";
			outputFileListPaths = (
			);
			outputPaths = (
				"$(DERIVED_FILE_DIR)/Pods-SlackDesk-checkManifestLockResult.txt",
			);
			runOnlyForDeploymentPostprocessing = 0;
			shellPath = /bin/sh;
			shellScript = "diff \"${PODS_PODFILE_DIR_PATH}/Podfile.lock\" \"${PODS_ROOT}/Manifest.lock\" > /dev/null\nif [ $? != 0 ] ; then\n    # print error to STDERR\n    echo \"error: The sandbox is not in sync with the Podfile.lock. Run 'pod install' or update your CocoaPods installation.\" >&2\n    exit 1\nfi\n# This output is used by Xcode 'outputs' to avoid re-running this script phase.\necho \"SUCCESS\" > \"${SCRIPT_OUTPUT_FILE_0}\"\n";
			showEnvVarsInLog = 0;
		};
/* End PBXShellScriptBuildPhase section */

/* Begin PBXSourcesBuildPhase section */
		D4BFE71121712D1A001945E2 /* Sources */ = {
			isa = PBXSourcesBuildPhase;
			buildActionMask = 2147483647;
			files = (
				D4BFE71B21712D1A001945E2 /* ViewController.swift in Sources */,
				D48B897E21712F35004AD629 /* SlackClient.swift in Sources */,
				D48B897621712F35004AD629 /* Channel.swift in Sources */,
				D48B899B217146DA004AD629 /* SettingsController.swift in Sources */,
				D48B897A21712F35004AD629 /* baseIdNameModelProtocol.swift in Sources */,
				D48B897B21712F35004AD629 /* channelProtocol.swift in Sources */,
				D48B897821712F35004AD629 /* baseIdNameModel.swift in Sources */,
				D48B899521713A4F004AD629 /* UserListController.swift in Sources */,
				D4BFE71921712D1A001945E2 /* AppDelegate.swift in Sources */,
				D48B8999217143E9004AD629 /* ClientAccesingControllerBase.swift in Sources */,
				D48B897521712F35004AD629 /* Message.swift in Sources */,
				D48B897C21712F35004AD629 /* MessageProtocol.swift in Sources */,
				D48B896521712F27004AD629 /* ChannelController.swift in Sources */,
				D48B897421712F35004AD629 /* Connection.swift in Sources */,
				D48B897721712F35004AD629 /* User.swift in Sources */,
				D48B897D21712F35004AD629 /* ConnectionProtocol.swift in Sources */,
				D427B41721748A7A0070F96B /* ConnectionSplitViewController.swift in Sources */,
				D48B897921712F35004AD629 /* UserProtocol.swift in Sources */,
				D48B899F21715743004AD629 /* SlackWebSocketClient.swift in Sources */,
			);
			runOnlyForDeploymentPostprocessing = 0;
		};
		D4BFE72321712D1B001945E2 /* Sources */ = {
			isa = PBXSourcesBuildPhase;
			buildActionMask = 2147483647;
			files = (
				D48B899D21714A47004AD629 /* SettingsControllerTests.swift in Sources */,
				D48B898D21712F41004AD629 /* SlackDeskTests.swift in Sources */,
				D48B899021712F41004AD629 /* ConnectionModelTests.swift in Sources */,
				D48B898E21712F41004AD629 /* ChannelModelTests.swift in Sources */,
				D48B899121712F41004AD629 /* UserModelTests.swift in Sources */,
				D48B898F21712F41004AD629 /* MessageModelTests.swift in Sources */,
				D48B898A21712F41004AD629 /* SlackClientTests.swift in Sources */,
				D48B898B21712F41004AD629 /* ChannelControllerTests.swift in Sources */,
				D48B898C21712F41004AD629 /* WebsocketMockTests.swift in Sources */,
				D48B899721713BAB004AD629 /* UserListControllerTests.swift in Sources */,
				D48B89A121715DCC004AD629 /* SlackWebSocketClientTests.swift in Sources */,
			);
			runOnlyForDeploymentPostprocessing = 0;
		};
		D4BFE72E21712D1B001945E2 /* Sources */ = {
			isa = PBXSourcesBuildPhase;
			buildActionMask = 2147483647;
			files = (
				D4BFE73721712D1B001945E2 /* SlackDeskUITests.swift in Sources */,
			);
			runOnlyForDeploymentPostprocessing = 0;
		};
/* End PBXSourcesBuildPhase section */

/* Begin PBXTargetDependency section */
		D4BFE72921712D1B001945E2 /* PBXTargetDependency */ = {
			isa = PBXTargetDependency;
			target = D4BFE71421712D1A001945E2 /* SlackDesk */;
			targetProxy = D4BFE72821712D1B001945E2 /* PBXContainerItemProxy */;
		};
		D4BFE73421712D1B001945E2 /* PBXTargetDependency */ = {
			isa = PBXTargetDependency;
			target = D4BFE71421712D1A001945E2 /* SlackDesk */;
			targetProxy = D4BFE73321712D1B001945E2 /* PBXContainerItemProxy */;
		};
/* End PBXTargetDependency section */

/* Begin PBXVariantGroup section */
		D4BFE71E21712D1B001945E2 /* Main.storyboard */ = {
			isa = PBXVariantGroup;
			children = (
				D4BFE71F21712D1B001945E2 /* Base */,
			);
			name = Main.storyboard;
			sourceTree = "<group>";
		};
/* End PBXVariantGroup section */

/* Begin XCBuildConfiguration section */
		D4BFE73921712D1B001945E2 /* Debug */ = {
			isa = XCBuildConfiguration;
			buildSettings = {
				ALWAYS_SEARCH_USER_PATHS = NO;
				CLANG_ANALYZER_NONNULL = YES;
				CLANG_ANALYZER_NUMBER_OBJECT_CONVERSION = YES_AGGRESSIVE;
				CLANG_CXX_LANGUAGE_STANDARD = "gnu++14";
				CLANG_CXX_LIBRARY = "libc++";
				CLANG_ENABLE_MODULES = YES;
				CLANG_ENABLE_OBJC_ARC = YES;
				CLANG_ENABLE_OBJC_WEAK = YES;
				CLANG_WARN_BLOCK_CAPTURE_AUTORELEASING = YES;
				CLANG_WARN_BOOL_CONVERSION = YES;
				CLANG_WARN_COMMA = YES;
				CLANG_WARN_CONSTANT_CONVERSION = YES;
				CLANG_WARN_DEPRECATED_OBJC_IMPLEMENTATIONS = YES;
				CLANG_WARN_DIRECT_OBJC_ISA_USAGE = YES_ERROR;
				CLANG_WARN_DOCUMENTATION_COMMENTS = YES;
				CLANG_WARN_EMPTY_BODY = YES;
				CLANG_WARN_ENUM_CONVERSION = YES;
				CLANG_WARN_INFINITE_RECURSION = YES;
				CLANG_WARN_INT_CONVERSION = YES;
				CLANG_WARN_NON_LITERAL_NULL_CONVERSION = YES;
				CLANG_WARN_OBJC_IMPLICIT_RETAIN_SELF = YES;
				CLANG_WARN_OBJC_LITERAL_CONVERSION = YES;
				CLANG_WARN_OBJC_ROOT_CLASS = YES_ERROR;
				CLANG_WARN_RANGE_LOOP_ANALYSIS = YES;
				CLANG_WARN_STRICT_PROTOTYPES = YES;
				CLANG_WARN_SUSPICIOUS_MOVE = YES;
				CLANG_WARN_UNGUARDED_AVAILABILITY = YES_AGGRESSIVE;
				CLANG_WARN_UNREACHABLE_CODE = YES;
				CLANG_WARN__DUPLICATE_METHOD_MATCH = YES;
				CODE_SIGN_IDENTITY = "-";
				COPY_PHASE_STRIP = NO;
				DEBUG_INFORMATION_FORMAT = dwarf;
				DSTROOT = "/tmp/$(PROJECT_NAME)-new.dst";
				ENABLE_STRICT_OBJC_MSGSEND = YES;
				ENABLE_TESTABILITY = YES;
				GCC_C_LANGUAGE_STANDARD = gnu11;
				GCC_DYNAMIC_NO_PIC = NO;
				GCC_NO_COMMON_BLOCKS = YES;
				GCC_OPTIMIZATION_LEVEL = 0;
				GCC_PREPROCESSOR_DEFINITIONS = (
					"DEBUG=1",
					"$(inherited)",
				);
				GCC_WARN_64_TO_32_BIT_CONVERSION = YES;
				GCC_WARN_ABOUT_RETURN_TYPE = YES_ERROR;
				GCC_WARN_UNDECLARED_SELECTOR = YES;
				GCC_WARN_UNINITIALIZED_AUTOS = YES_AGGRESSIVE;
				GCC_WARN_UNUSED_FUNCTION = YES;
				GCC_WARN_UNUSED_VARIABLE = YES;
				MACOSX_DEPLOYMENT_TARGET = 10.14;
				MTL_ENABLE_DEBUG_INFO = INCLUDE_SOURCE;
				MTL_FAST_MATH = YES;
				ONLY_ACTIVE_ARCH = YES;
				SDKROOT = macosx;
				SWIFT_ACTIVE_COMPILATION_CONDITIONS = DEBUG;
				SWIFT_OPTIMIZATION_LEVEL = "-Onone";
			};
			name = Debug;
		};
		D4BFE73A21712D1B001945E2 /* Release */ = {
			isa = XCBuildConfiguration;
			buildSettings = {
				ALWAYS_SEARCH_USER_PATHS = NO;
				CLANG_ANALYZER_NONNULL = YES;
				CLANG_ANALYZER_NUMBER_OBJECT_CONVERSION = YES_AGGRESSIVE;
				CLANG_CXX_LANGUAGE_STANDARD = "gnu++14";
				CLANG_CXX_LIBRARY = "libc++";
				CLANG_ENABLE_MODULES = YES;
				CLANG_ENABLE_OBJC_ARC = YES;
				CLANG_ENABLE_OBJC_WEAK = YES;
				CLANG_WARN_BLOCK_CAPTURE_AUTORELEASING = YES;
				CLANG_WARN_BOOL_CONVERSION = YES;
				CLANG_WARN_COMMA = YES;
				CLANG_WARN_CONSTANT_CONVERSION = YES;
				CLANG_WARN_DEPRECATED_OBJC_IMPLEMENTATIONS = YES;
				CLANG_WARN_DIRECT_OBJC_ISA_USAGE = YES_ERROR;
				CLANG_WARN_DOCUMENTATION_COMMENTS = YES;
				CLANG_WARN_EMPTY_BODY = YES;
				CLANG_WARN_ENUM_CONVERSION = YES;
				CLANG_WARN_INFINITE_RECURSION = YES;
				CLANG_WARN_INT_CONVERSION = YES;
				CLANG_WARN_NON_LITERAL_NULL_CONVERSION = YES;
				CLANG_WARN_OBJC_IMPLICIT_RETAIN_SELF = YES;
				CLANG_WARN_OBJC_LITERAL_CONVERSION = YES;
				CLANG_WARN_OBJC_ROOT_CLASS = YES_ERROR;
				CLANG_WARN_RANGE_LOOP_ANALYSIS = YES;
				CLANG_WARN_STRICT_PROTOTYPES = YES;
				CLANG_WARN_SUSPICIOUS_MOVE = YES;
				CLANG_WARN_UNGUARDED_AVAILABILITY = YES_AGGRESSIVE;
				CLANG_WARN_UNREACHABLE_CODE = YES;
				CLANG_WARN__DUPLICATE_METHOD_MATCH = YES;
				CODE_SIGN_IDENTITY = "Mac Developer";
				COPY_PHASE_STRIP = NO;
				DEBUG_INFORMATION_FORMAT = "dwarf-with-dsym";
				DSTROOT = "/tmp/$(PROJECT_NAME)-new.dst";
				ENABLE_NS_ASSERTIONS = NO;
				ENABLE_STRICT_OBJC_MSGSEND = YES;
				GCC_C_LANGUAGE_STANDARD = gnu11;
				GCC_NO_COMMON_BLOCKS = YES;
				GCC_WARN_64_TO_32_BIT_CONVERSION = YES;
				GCC_WARN_ABOUT_RETURN_TYPE = YES_ERROR;
				GCC_WARN_UNDECLARED_SELECTOR = YES;
				GCC_WARN_UNINITIALIZED_AUTOS = YES_AGGRESSIVE;
				GCC_WARN_UNUSED_FUNCTION = YES;
				GCC_WARN_UNUSED_VARIABLE = YES;
				MACOSX_DEPLOYMENT_TARGET = 10.14;
				MTL_ENABLE_DEBUG_INFO = NO;
				MTL_FAST_MATH = YES;
				SDKROOT = macosx;
				SWIFT_COMPILATION_MODE = wholemodule;
				SWIFT_OPTIMIZATION_LEVEL = "-O";
			};
			name = Release;
		};
		D4BFE73C21712D1B001945E2 /* Debug */ = {
			isa = XCBuildConfiguration;
			baseConfigurationReference = CDA3B1D6DE31A57230F8D4E8 /* Pods-SlackDesk.debug.xcconfig */;
			buildSettings = {
				ALWAYS_EMBED_SWIFT_STANDARD_LIBRARIES = "$(inherited)";
				ASSETCATALOG_COMPILER_APPICON_NAME = AppIcon;
				CODE_SIGN_ENTITLEMENTS = "";
				CODE_SIGN_IDENTITY = "Mac Developer";
				CODE_SIGN_STYLE = Manual;
				COMBINE_HIDPI_IMAGES = YES;
				DEVELOPMENT_TEAM = 24KGSSH7GA;
				INFOPLIST_FILE = SlackDesk/Info.plist;
				LD_RUNPATH_SEARCH_PATHS = (
					"$(inherited)",
					"@executable_path/../Frameworks",
				);
				PRODUCT_BUNDLE_IDENTIFIER = haringsbe.SlackDesk;
				PRODUCT_NAME = "$(TARGET_NAME)";
				PROVISIONING_PROFILE_SPECIFIER = "";
				SWIFT_VERSION = 4.2;
			};
			name = Debug;
		};
		D4BFE73D21712D1B001945E2 /* Release */ = {
			isa = XCBuildConfiguration;
			baseConfigurationReference = 8C12344D0EA839772E499A96 /* Pods-SlackDesk.release.xcconfig */;
			buildSettings = {
				ALWAYS_EMBED_SWIFT_STANDARD_LIBRARIES = "$(inherited)";
				ASSETCATALOG_COMPILER_APPICON_NAME = AppIcon;
				CODE_SIGN_ENTITLEMENTS = SlackDesk/SlackDesk.entitlements;
				CODE_SIGN_IDENTITY = "Mac Developer";
				CODE_SIGN_STYLE = Automatic;
				COMBINE_HIDPI_IMAGES = YES;
				DEVELOPMENT_TEAM = 24KGSSH7GA;
				INFOPLIST_FILE = SlackDesk/Info.plist;
				LD_RUNPATH_SEARCH_PATHS = (
					"$(inherited)",
					"@executable_path/../Frameworks",
				);
				PRODUCT_BUNDLE_IDENTIFIER = haringsbe.SlackDesk;
				PRODUCT_NAME = "$(TARGET_NAME)";
				PROVISIONING_PROFILE_SPECIFIER = "";
				SWIFT_VERSION = 4.2;
			};
			name = Release;
		};
		D4BFE73F21712D1B001945E2 /* Debug */ = {
			isa = XCBuildConfiguration;
			baseConfigurationReference = 87EFBC3A43CF3A9E45CA2C33 /* Pods-SlackDeskTests.debug.xcconfig */;
			buildSettings = {
				ALWAYS_EMBED_SWIFT_STANDARD_LIBRARIES = "$(inherited)";
				BUNDLE_LOADER = "$(TEST_HOST)";
				CODE_SIGN_IDENTITY = "Mac Developer";
				CODE_SIGN_INJECT_BASE_ENTITLEMENTS = NO;
				CODE_SIGN_STYLE = Automatic;
				COMBINE_HIDPI_IMAGES = YES;
				DEVELOPMENT_TEAM = 24KGSSH7GA;
				INFOPLIST_FILE = SlackDeskTests/Info.plist;
				LD_RUNPATH_SEARCH_PATHS = (
					"$(inherited)",
					"@executable_path/../Frameworks",
					"@loader_path/../Frameworks",
				);
				PRODUCT_BUNDLE_IDENTIFIER = haringsbe.SlackDeskTests;
				PRODUCT_NAME = "$(TARGET_NAME)";
				PROVISIONING_PROFILE_SPECIFIER = "";
				SWIFT_VERSION = 4.2;
				TEST_HOST = "$(BUILT_PRODUCTS_DIR)/SlackDesk.app/Contents/MacOS/SlackDesk";
			};
			name = Debug;
		};
		D4BFE74021712D1B001945E2 /* Release */ = {
			isa = XCBuildConfiguration;
			baseConfigurationReference = 70DB44C6656478C75904577A /* Pods-SlackDeskTests.release.xcconfig */;
			buildSettings = {
				ALWAYS_EMBED_SWIFT_STANDARD_LIBRARIES = "$(inherited)";
				BUNDLE_LOADER = "$(TEST_HOST)";
				CODE_SIGN_IDENTITY = "Mac Developer";
				CODE_SIGN_INJECT_BASE_ENTITLEMENTS = NO;
				CODE_SIGN_STYLE = Automatic;
				COMBINE_HIDPI_IMAGES = YES;
				DEVELOPMENT_TEAM = 24KGSSH7GA;
				INFOPLIST_FILE = SlackDeskTests/Info.plist;
				LD_RUNPATH_SEARCH_PATHS = (
					"$(inherited)",
					"@executable_path/../Frameworks",
					"@loader_path/../Frameworks",
				);
				PRODUCT_BUNDLE_IDENTIFIER = haringsbe.SlackDeskTests;
				PRODUCT_NAME = "$(TARGET_NAME)";
				PROVISIONING_PROFILE_SPECIFIER = "";
				SWIFT_VERSION = 4.2;
				TEST_HOST = "$(BUILT_PRODUCTS_DIR)/SlackDesk.app/Contents/MacOS/SlackDesk";
			};
			name = Release;
		};
		D4BFE74221712D1B001945E2 /* Debug */ = {
			isa = XCBuildConfiguration;
			baseConfigurationReference = 7448EAD5A7DDC72C31C2A11C /* Pods-SlackDeskUITests.debug.xcconfig */;
			buildSettings = {
				ALWAYS_EMBED_SWIFT_STANDARD_LIBRARIES = "$(inherited)";
				CODE_SIGN_IDENTITY = "Mac Developer";
				CODE_SIGN_INJECT_BASE_ENTITLEMENTS = NO;
				CODE_SIGN_STYLE = Automatic;
				COMBINE_HIDPI_IMAGES = YES;
				DEVELOPMENT_TEAM = 24KGSSH7GA;
				INFOPLIST_FILE = SlackDeskUITests/Info.plist;
				LD_RUNPATH_SEARCH_PATHS = (
					"$(inherited)",
					"@executable_path/../Frameworks",
					"@loader_path/../Frameworks",
				);
				PRODUCT_BUNDLE_IDENTIFIER = haringsbe.SlackDeskUITests;
				PRODUCT_NAME = "$(TARGET_NAME)";
				PROVISIONING_PROFILE = "";
				PROVISIONING_PROFILE_SPECIFIER = "";
				SWIFT_VERSION = 4.2;
				TEST_TARGET_NAME = SlackDesk;
			};
			name = Debug;
		};
		D4BFE74321712D1B001945E2 /* Release */ = {
			isa = XCBuildConfiguration;
			baseConfigurationReference = A7C2B7C63D04594C7ED003F5 /* Pods-SlackDeskUITests.release.xcconfig */;
			buildSettings = {
				ALWAYS_EMBED_SWIFT_STANDARD_LIBRARIES = "$(inherited)";
				CODE_SIGN_IDENTITY = "Mac Developer";
				CODE_SIGN_INJECT_BASE_ENTITLEMENTS = NO;
				CODE_SIGN_STYLE = Automatic;
				COMBINE_HIDPI_IMAGES = YES;
				DEVELOPMENT_TEAM = 24KGSSH7GA;
				INFOPLIST_FILE = SlackDeskUITests/Info.plist;
				LD_RUNPATH_SEARCH_PATHS = (
					"$(inherited)",
					"@executable_path/../Frameworks",
					"@loader_path/../Frameworks",
				);
				PRODUCT_BUNDLE_IDENTIFIER = haringsbe.SlackDeskUITests;
				PRODUCT_NAME = "$(TARGET_NAME)";
				PROVISIONING_PROFILE = "";
				PROVISIONING_PROFILE_SPECIFIER = "";
				SWIFT_VERSION = 4.2;
				TEST_TARGET_NAME = SlackDesk;
			};
			name = Release;
		};
/* End XCBuildConfiguration section */

/* Begin XCConfigurationList section */
		D4BFE71021712D1A001945E2 /* Build configuration list for PBXProject "SlackDesk" */ = {
			isa = XCConfigurationList;
			buildConfigurations = (
				D4BFE73921712D1B001945E2 /* Debug */,
				D4BFE73A21712D1B001945E2 /* Release */,
			);
			defaultConfigurationIsVisible = 0;
			defaultConfigurationName = Debug;
		};
		D4BFE73B21712D1B001945E2 /* Build configuration list for PBXNativeTarget "SlackDesk" */ = {
			isa = XCConfigurationList;
			buildConfigurations = (
				D4BFE73C21712D1B001945E2 /* Debug */,
				D4BFE73D21712D1B001945E2 /* Release */,
			);
			defaultConfigurationIsVisible = 0;
			defaultConfigurationName = Debug;
		};
		D4BFE73E21712D1B001945E2 /* Build configuration list for PBXNativeTarget "SlackDeskTests" */ = {
			isa = XCConfigurationList;
			buildConfigurations = (
				D4BFE73F21712D1B001945E2 /* Debug */,
				D4BFE74021712D1B001945E2 /* Release */,
			);
			defaultConfigurationIsVisible = 0;
			defaultConfigurationName = Debug;
		};
		D4BFE74121712D1B001945E2 /* Build configuration list for PBXNativeTarget "SlackDeskUITests" */ = {
			isa = XCConfigurationList;
			buildConfigurations = (
				D4BFE74221712D1B001945E2 /* Debug */,
				D4BFE74321712D1B001945E2 /* Release */,
			);
			defaultConfigurationIsVisible = 0;
			defaultConfigurationName = Debug;
		};
/* End XCConfigurationList section */
	};
	rootObject = D4BFE70D21712D1A001945E2 /* Project object */;
}
